
Microsoft Visual Studio Solution File, Format Version 12.00
# Visual Studio Version 17
VisualStudioVersion = 17.7.34003.232
MinimumVisualStudioVersion = 10.0.40219.1
Project("{9A19103F-16F7-4668-BE54-9A1E7A4F7556}") = "K8Cloud.Test", "K8Cloud.Test\K8Cloud.Test.csproj", "{A8EADD48-272D-408A-B97A-F85D6AC408F7}"
EndProject
Project("{2150E333-8FDC-42A3-9474-1A3956D46DE8}") = "Shared", "Shared", "{29790E01-19FC-48EB-9139-B056847B2A80}"
EndProject
Project("{2150E333-8FDC-42A3-9474-1A3956D46DE8}") = "Modules", "Modules", "{3B7328FE-190F-428A-9B3E-A0DE4F7C6F2D}"
EndProject
Project("{9A19103F-16F7-4668-BE54-9A1E7A4F7556}") = "K8Cloud.Kubernetes", "Modules\K8Cloud.Kubernetes\K8Cloud.Kubernetes.csproj", "{C655AD18-9CE6-4C64-AC2B-647DD2EA5948}"
EndProject
Project("{9A19103F-16F7-4668-BE54-9A1E7A4F7556}") = "K8Cloud.Shared", "Shared\K8Cloud.Shared\K8Cloud.Shared.csproj", "{1331199D-F480-44A1-83B2-983A5AFB9E71}"
EndProject
Project("{9A19103F-16F7-4668-BE54-9A1E7A4F7556}") = "K8Cloud.Contracts", "Shared\K8Cloud.Contracts\K8Cloud.Contracts.csproj", "{6CF44410-26FA-4067-8BD5-03055F66FAC1}"
EndProject
Project("{9A19103F-16F7-4668-BE54-9A1E7A4F7556}") = "K8Cloud.Web", "K8Cloud.Web\K8Cloud.Web.csproj", "{5FA1D457-8C09-420F-85AD-BBCC8406726B}"
EndProject
Project("{9A19103F-16F7-4668-BE54-9A1E7A4F7556}") = "K8Cloud.Server", "K8Cloud.Server\K8Cloud.Server.csproj", "{AED3547A-529A-4334-974F-63BED49EB4F2}"
EndProject
Project("{2150E333-8FDC-42A3-9474-1A3956D46DE8}") = "Solution Items", "Solution Items", "{DFCB8C96-C077-4008-9881-7D2874BEF978}"
	ProjectSection(SolutionItems) = preProject
		docker-compose.yml = docker-compose.yml
	EndProjectSection
EndProject
Global
	GlobalSection(SolutionConfigurationPlatforms) = preSolution
		Debug|Any CPU = Debug|Any CPU
		Release|Any CPU = Release|Any CPU
	EndGlobalSection
	GlobalSection(ProjectConfigurationPlatforms) = postSolution
		{A8EADD48-272D-408A-B97A-F85D6AC408F7}.Debug|Any CPU.ActiveCfg = Debug|Any CPU
		{A8EADD48-272D-408A-B97A-F85D6AC408F7}.Debug|Any CPU.Build.0 = Debug|Any CPU
		{A8EADD48-272D-408A-B97A-F85D6AC408F7}.Release|Any CPU.ActiveCfg = Release|Any CPU
		{A8EADD48-272D-408A-B97A-F85D6AC408F7}.Release|Any CPU.Build.0 = Release|Any CPU
		{C655AD18-9CE6-4C64-AC2B-647DD2EA5948}.Debug|Any CPU.ActiveCfg = Debug|Any CPU
		{C655AD18-9CE6-4C64-AC2B-647DD2EA5948}.Debug|Any CPU.Build.0 = Debug|Any CPU
		{C655AD18-9CE6-4C64-AC2B-647DD2EA5948}.Release|Any CPU.ActiveCfg = Release|Any CPU
		{C655AD18-9CE6-4C64-AC2B-647DD2EA5948}.Release|Any CPU.Build.0 = Release|Any CPU
		{1331199D-F480-44A1-83B2-983A5AFB9E71}.Debug|Any CPU.ActiveCfg = Debug|Any CPU
		{1331199D-F480-44A1-83B2-983A5AFB9E71}.Debug|Any CPU.Build.0 = Debug|Any CPU
		{1331199D-F480-44A1-83B2-983A5AFB9E71}.Release|Any CPU.ActiveCfg = Release|Any CPU
		{1331199D-F480-44A1-83B2-983A5AFB9E71}.Release|Any CPU.Build.0 = Release|Any CPU
		{6CF44410-26FA-4067-8BD5-03055F66FAC1}.Debug|Any CPU.ActiveCfg = Debug|Any CPU
		{6CF44410-26FA-4067-8BD5-03055F66FAC1}.Debug|Any CPU.Build.0 = Debug|Any CPU
		{6CF44410-26FA-4067-8BD5-03055F66FAC1}.Release|Any CPU.ActiveCfg = Release|Any CPU
		{6CF44410-26FA-4067-8BD5-03055F66FAC1}.Release|Any CPU.Build.0 = Release|Any CPU
		{5FA1D457-8C09-420F-85AD-BBCC8406726B}.Debug|Any CPU.ActiveCfg = Debug|Any CPU
		{5FA1D457-8C09-420F-85AD-BBCC8406726B}.Debug|Any CPU.Build.0 = Debug|Any CPU
		{5FA1D457-8C09-420F-85AD-BBCC8406726B}.Release|Any CPU.ActiveCfg = Release|Any CPU
		{5FA1D457-8C09-420F-85AD-BBCC8406726B}.Release|Any CPU.Build.0 = Release|Any CPU
		{AED3547A-529A-4334-974F-63BED49EB4F2}.Debug|Any CPU.ActiveCfg = Debug|Any CPU
		{AED3547A-529A-4334-974F-63BED49EB4F2}.Debug|Any CPU.Build.0 = Debug|Any CPU
		{AED3547A-529A-4334-974F-63BED49EB4F2}.Release|Any CPU.ActiveCfg = Release|Any CPU
		{AED3547A-529A-4334-974F-63BED49EB4F2}.Release|Any CPU.Build.0 = Release|Any CPU
	EndGlobalSection
	GlobalSection(SolutionProperties) = preSolution
		HideSolutionNode = FALSE
	EndGlobalSection
	GlobalSection(NestedProjects) = preSolution
		{C655AD18-9CE6-4C64-AC2B-647DD2EA5948} = {3B7328FE-190F-428A-9B3E-A0DE4F7C6F2D}
		{1331199D-F480-44A1-83B2-983A5AFB9E71} = {29790E01-19FC-48EB-9139-B056847B2A80}
		{6CF44410-26FA-4067-8BD5-03055F66FAC1} = {29790E01-19FC-48EB-9139-B056847B2A80}
	EndGlobalSection
	GlobalSection(ExtensibilityGlobals) = postSolution
		SolutionGuid = {F8782E0B-E3DF-4EEC-B816-E5CC37165B97}
	EndGlobalSection
EndGlobal
