
Microsoft Visual Studio Solution File, Format Version 12.00
# Visual Studio Version 17
VisualStudioVersion = 17.0.31717.71
MinimumVisualStudioVersion = 10.0.40219.1
Project("{9A19103F-16F7-4668-BE54-9A1E7A4F7556}") = "K8Cloud.Blazor", "K8Cloud.Blazor.csproj", "{262EF9C3-D4A2-476D-A1B8-9713C46AE6AE}"
EndProject
Global
	GlobalSection(SolutionConfigurationPlatforms) = preSolution
		Debug|Any CPU = Debug|Any CPU
		Release|Any CPU = Release|Any CPU
	EndGlobalSection
	GlobalSection(ProjectConfigurationPlatforms) = postSolution
		{262EF9C3-D4A2-476D-A1B8-9713C46AE6AE}.Debug|Any CPU.ActiveCfg = Debug|Any CPU
		{262EF9C3-D4A2-476D-A1B8-9713C46AE6AE}.Debug|Any CPU.Build.0 = Debug|Any CPU
		{262EF9C3-D4A2-476D-A1B8-9713C46AE6AE}.Release|Any CPU.ActiveCfg = Release|Any CPU
		{262EF9C3-D4A2-476D-A1B8-9713C46AE6AE}.Release|Any CPU.Build.0 = Release|Any CPU
	EndGlobalSection
	GlobalSection(SolutionProperties) = preSolution
		HideSolutionNode = FALSE
	EndGlobalSection
	GlobalSection(ExtensibilityGlobals) = postSolution
		SolutionGuid = {A3332F80-A8AB-4C70-B014-274187014A97}
	EndGlobalSection
EndGlobal