
Microsoft Visual Studio Solution File, Format Version 12.00
# Visual Studio Version 17
VisualStudioVersion = 17.0.31717.71
MinimumVisualStudioVersion = 10.0.40219.1
Project("{9A19103F-16F7-4668-BE54-9A1E7A4F7556}") = "K8Cloud.Web", "K8Cloud.Web.csproj", "{B0088116-5EB2-4B53-8207-034411C26D36}"
EndProject
Global
	GlobalSection(SolutionConfigurationPlatforms) = preSolution
		Debug|Any CPU = Debug|Any CPU
		Release|Any CPU = Release|Any CPU
	EndGlobalSection
	GlobalSection(ProjectConfigurationPlatforms) = postSolution
		{B0088116-5EB2-4B53-8207-034411C26D36}.Debug|Any CPU.ActiveCfg = Debug|Any CPU
		{B0088116-5EB2-4B53-8207-034411C26D36}.Debug|Any CPU.Build.0 = Debug|Any CPU
		{B0088116-5EB2-4B53-8207-034411C26D36}.Release|Any CPU.ActiveCfg = Release|Any CPU
		{B0088116-5EB2-4B53-8207-034411C26D36}.Release|Any CPU.Build.0 = Release|Any CPU
	EndGlobalSection
	GlobalSection(SolutionProperties) = preSolution
		HideSolutionNode = FALSE
	EndGlobalSection
	GlobalSection(ExtensibilityGlobals) = postSolution
		SolutionGuid = {FBEC0C39-3B14-4364-86DA-6092620E7B68}
	EndGlobalSection
EndGlobal